// !$*UTF8*$!
{
	archiveVersion = 1;
	classes = {
	};
	objectVersion = 51;
	objects = {

/* Begin PBXBuildFile section */
		3D04CFC322688EA300695507 /* TabBarVC.swift in Sources */ = {isa = PBXBuildFile; fileRef = 3D04CFC222688EA300695507 /* TabBarVC.swift */; };
		3D04CFC52268C1BC00695507 /* UITabBar.swift in Sources */ = {isa = PBXBuildFile; fileRef = 3D04CFC42268C1BC00695507 /* UITabBar.swift */; };
		3D1CC1FF226D6A4600F9388E /* UpdateMenuVC.swift in Sources */ = {isa = PBXBuildFile; fileRef = 3D1CC1FE226D6A4600F9388E /* UpdateMenuVC.swift */; };
		3D1CC201226D716000F9388E /* FoodCell.swift in Sources */ = {isa = PBXBuildFile; fileRef = 3D1CC200226D716000F9388E /* FoodCell.swift */; };
		3D1CC203226D9F4100F9388E /* ShowDetailsFoodVC.swift in Sources */ = {isa = PBXBuildFile; fileRef = 3D1CC202226D9F4100F9388E /* ShowDetailsFoodVC.swift */; };
		3D1CC205226DA77A00F9388E /* UIUpdateMenu.swift in Sources */ = {isa = PBXBuildFile; fileRef = 3D1CC204226DA77A00F9388E /* UIUpdateMenu.swift */; };
		3D3AE36E226E18A200D1D5D8 /* FoodDetailsCell.swift in Sources */ = {isa = PBXBuildFile; fileRef = 3D3AE36D226E18A200D1D5D8 /* FoodDetailsCell.swift */; };
		3D3AE370226E387B00D1D5D8 /* FoodTam.swift in Sources */ = {isa = PBXBuildFile; fileRef = 3D3AE36F226E387B00D1D5D8 /* FoodTam.swift */; };
		3D530E9A22678E7B009E6A0B /* InventoryManagementVC.swift in Sources */ = {isa = PBXBuildFile; fileRef = 3D530E9922678E7B009E6A0B /* InventoryManagementVC.swift */; };
		3D530E9C226790E2009E6A0B /* UIInventoryManagement.swift in Sources */ = {isa = PBXBuildFile; fileRef = 3D530E9B226790E2009E6A0B /* UIInventoryManagement.swift */; };
		3D53185C2267919D003A468D /* CookingScheduleVC.swift in Sources */ = {isa = PBXBuildFile; fileRef = 3D53185B2267919D003A468D /* CookingScheduleVC.swift */; };
		3D53185E226791E6003A468D /* UICookingSchedule.swift in Sources */ = {isa = PBXBuildFile; fileRef = 3D53185D226791E6003A468D /* UICookingSchedule.swift */; };
		3D59604C226D5267009B39CD /* CalendarCellHeader.swift in Sources */ = {isa = PBXBuildFile; fileRef = 3D59604B226D5267009B39CD /* CalendarCellHeader.swift */; };
		3D6E14DE22705FB90073FFD7 /* Assets.xcassets in Resources */ = {isa = PBXBuildFile; fileRef = 3D6E14DD22705FB80073FFD7 /* Assets.xcassets */; };
		3DB2FF0A226EA9A000A810AE /* AddFoodToMenuVC.swift in Sources */ = {isa = PBXBuildFile; fileRef = 3DB2FF09226EA9A000A810AE /* AddFoodToMenuVC.swift */; };
		3DB2FF0C226EAAB000A810AE /* UIAddFoodToMenu.swift in Sources */ = {isa = PBXBuildFile; fileRef = 3DB2FF0B226EAAB000A810AE /* UIAddFoodToMenu.swift */; };
		3DDCBB19226CB6F60082FF98 /* CalendarCell.swift in Sources */ = {isa = PBXBuildFile; fileRef = 3DDCBB18226CB6F60082FF98 /* CalendarCell.swift */; };
		3DDCBB1B226CB82C0082FF98 /* Food.swift in Sources */ = {isa = PBXBuildFile; fileRef = 3DDCBB1A226CB82C0082FF98 /* Food.swift */; };
		3DDCBB1E226CB9060082FF98 /* FoodService.swift in Sources */ = {isa = PBXBuildFile; fileRef = 3DDCBB1D226CB9060082FF98 /* FoodService.swift */; };
		3DDDE0B922659B1000643E31 /* AppDelegate.swift in Sources */ = {isa = PBXBuildFile; fileRef = 3DDDE0B822659B1000643E31 /* AppDelegate.swift */; };
		3DDDE0DD22659D4000643E31 /* LaunchScreen.storyboard in Resources */ = {isa = PBXBuildFile; fileRef = 3DDDE0DC22659D4000643E31 /* LaunchScreen.storyboard */; };
		3DE01ED722659E3500AB08DB /* ConstantSystem.swift in Sources */ = {isa = PBXBuildFile; fileRef = 3DE01ED622659E3500AB08DB /* ConstantSystem.swift */; };
		3DE01EDA22659E4500AB08DB /* FoodManagementVC.swift in Sources */ = {isa = PBXBuildFile; fileRef = 3DE01ED822659E4500AB08DB /* FoodManagementVC.swift */; };
		3DE01EDB22659E4500AB08DB /* LoginVC.swift in Sources */ = {isa = PBXBuildFile; fileRef = 3DE01ED922659E4500AB08DB /* LoginVC.swift */; };
		3DE01EDE22659E5000AB08DB /* UILogin.swift in Sources */ = {isa = PBXBuildFile; fileRef = 3DE01EDC22659E5000AB08DB /* UILogin.swift */; };
		3DE01EDF22659E5000AB08DB /* UIFoodManagement.swift in Sources */ = {isa = PBXBuildFile; fileRef = 3DE01EDD22659E5000AB08DB /* UIFoodManagement.swift */; };
		8A30CD496F27F8AFCEECC48B /* Pods_Manage_Preschool_itchenK.framework in Frameworks */ = {isa = PBXBuildFile; fileRef = 8DC5E47581384BD04AAABA86 /* Pods_Manage_Preschool_itchenK.framework */; };
		D816DB75227012B5009E3785 /* FoodListCell.swift in Sources */ = {isa = PBXBuildFile; fileRef = D816DB74227012B5009E3785 /* FoodListCell.swift */; };
		D82886D0226D545C008EBF7A /* FoodListVC.swift in Sources */ = {isa = PBXBuildFile; fileRef = D82886CF226D545C008EBF7A /* FoodListVC.swift */; };
		D82886D2226D5492008EBF7A /* UIFoodList.swift in Sources */ = {isa = PBXBuildFile; fileRef = D82886D1226D5492008EBF7A /* UIFoodList.swift */; };
/* End PBXBuildFile section */

/* Begin PBXFileReference section */
		3D04CFC222688EA300695507 /* TabBarVC.swift */ = {isa = PBXFileReference; lastKnownFileType = sourcecode.swift; path = TabBarVC.swift; sourceTree = "<group>"; };
		3D04CFC42268C1BC00695507 /* UITabBar.swift */ = {isa = PBXFileReference; lastKnownFileType = sourcecode.swift; path = UITabBar.swift; sourceTree = "<group>"; };
		3D1CC1FE226D6A4600F9388E /* UpdateMenuVC.swift */ = {isa = PBXFileReference; lastKnownFileType = sourcecode.swift; path = UpdateMenuVC.swift; sourceTree = "<group>"; };
		3D1CC200226D716000F9388E /* FoodCell.swift */ = {isa = PBXFileReference; lastKnownFileType = sourcecode.swift; path = FoodCell.swift; sourceTree = "<group>"; };
		3D1CC202226D9F4100F9388E /* ShowDetailsFoodVC.swift */ = {isa = PBXFileReference; lastKnownFileType = sourcecode.swift; path = ShowDetailsFoodVC.swift; sourceTree = "<group>"; };
		3D1CC204226DA77A00F9388E /* UIUpdateMenu.swift */ = {isa = PBXFileReference; lastKnownFileType = sourcecode.swift; path = UIUpdateMenu.swift; sourceTree = "<group>"; };
		3D3AE36D226E18A200D1D5D8 /* FoodDetailsCell.swift */ = {isa = PBXFileReference; lastKnownFileType = sourcecode.swift; path = FoodDetailsCell.swift; sourceTree = "<group>"; };
		3D3AE36F226E387B00D1D5D8 /* FoodTam.swift */ = {isa = PBXFileReference; lastKnownFileType = sourcecode.swift; name = FoodTam.swift; path = Manage_Preschool_itchenK/View/FoodTam.swift; sourceTree = SOURCE_ROOT; };
		3D530E9922678E7B009E6A0B /* InventoryManagementVC.swift */ = {isa = PBXFileReference; lastKnownFileType = sourcecode.swift; path = InventoryManagementVC.swift; sourceTree = "<group>"; };
		3D530E9B226790E2009E6A0B /* UIInventoryManagement.swift */ = {isa = PBXFileReference; lastKnownFileType = sourcecode.swift; path = UIInventoryManagement.swift; sourceTree = "<group>"; };
		3D53185B2267919D003A468D /* CookingScheduleVC.swift */ = {isa = PBXFileReference; lastKnownFileType = sourcecode.swift; path = CookingScheduleVC.swift; sourceTree = "<group>"; };
		3D53185D226791E6003A468D /* UICookingSchedule.swift */ = {isa = PBXFileReference; lastKnownFileType = sourcecode.swift; path = UICookingSchedule.swift; sourceTree = "<group>"; };
		3D59604B226D5267009B39CD /* CalendarCellHeader.swift */ = {isa = PBXFileReference; lastKnownFileType = sourcecode.swift; path = CalendarCellHeader.swift; sourceTree = "<group>"; };
		3D6E14DD22705FB80073FFD7 /* Assets.xcassets */ = {isa = PBXFileReference; lastKnownFileType = folder.assetcatalog; path = Assets.xcassets; sourceTree = "<group>"; };
		3DB2FF09226EA9A000A810AE /* AddFoodToMenuVC.swift */ = {isa = PBXFileReference; lastKnownFileType = sourcecode.swift; path = AddFoodToMenuVC.swift; sourceTree = "<group>"; };
		3DB2FF0B226EAAB000A810AE /* UIAddFoodToMenu.swift */ = {isa = PBXFileReference; lastKnownFileType = sourcecode.swift; path = UIAddFoodToMenu.swift; sourceTree = "<group>"; };
		3DDCBB18226CB6F60082FF98 /* CalendarCell.swift */ = {isa = PBXFileReference; lastKnownFileType = sourcecode.swift; path = CalendarCell.swift; sourceTree = "<group>"; };
		3DDCBB1A226CB82C0082FF98 /* Food.swift */ = {isa = PBXFileReference; lastKnownFileType = sourcecode.swift; name = Food.swift; path = Manage_Preschool_itchenK/View/Food.swift; sourceTree = SOURCE_ROOT; };
		3DDCBB1D226CB9060082FF98 /* FoodService.swift */ = {isa = PBXFileReference; lastKnownFileType = sourcecode.swift; path = FoodService.swift; sourceTree = "<group>"; };
		3DDDE0B522659B1000643E31 /* Manage_Preschool_itchenK.app */ = {isa = PBXFileReference; explicitFileType = wrapper.application; includeInIndex = 0; path = Manage_Preschool_itchenK.app; sourceTree = BUILT_PRODUCTS_DIR; };
		3DDDE0B822659B1000643E31 /* AppDelegate.swift */ = {isa = PBXFileReference; lastKnownFileType = sourcecode.swift; path = AppDelegate.swift; sourceTree = "<group>"; };
		3DDDE0C422659B1200643E31 /* Info.plist */ = {isa = PBXFileReference; lastKnownFileType = text.plist.xml; path = Info.plist; sourceTree = "<group>"; };
		3DDDE0DC22659D4000643E31 /* LaunchScreen.storyboard */ = {isa = PBXFileReference; fileEncoding = 4; lastKnownFileType = file.storyboard; path = LaunchScreen.storyboard; sourceTree = "<group>"; };
		3DE01ED622659E3500AB08DB /* ConstantSystem.swift */ = {isa = PBXFileReference; fileEncoding = 4; lastKnownFileType = sourcecode.swift; path = ConstantSystem.swift; sourceTree = "<group>"; };
		3DE01ED822659E4500AB08DB /* FoodManagementVC.swift */ = {isa = PBXFileReference; fileEncoding = 4; lastKnownFileType = sourcecode.swift; path = FoodManagementVC.swift; sourceTree = "<group>"; };
		3DE01ED922659E4500AB08DB /* LoginVC.swift */ = {isa = PBXFileReference; fileEncoding = 4; lastKnownFileType = sourcecode.swift; path = LoginVC.swift; sourceTree = "<group>"; };
		3DE01EDC22659E5000AB08DB /* UILogin.swift */ = {isa = PBXFileReference; fileEncoding = 4; lastKnownFileType = sourcecode.swift; path = UILogin.swift; sourceTree = "<group>"; };
		3DE01EDD22659E5000AB08DB /* UIFoodManagement.swift */ = {isa = PBXFileReference; fileEncoding = 4; lastKnownFileType = sourcecode.swift; path = UIFoodManagement.swift; sourceTree = "<group>"; };
		7A27227341B3809DBF96CC8D /* Pods-Manage_Preschool_itchenK.release.xcconfig */ = {isa = PBXFileReference; includeInIndex = 1; lastKnownFileType = text.xcconfig; name = "Pods-Manage_Preschool_itchenK.release.xcconfig"; path = "Target Support Files/Pods-Manage_Preschool_itchenK/Pods-Manage_Preschool_itchenK.release.xcconfig"; sourceTree = "<group>"; };
		8DC5E47581384BD04AAABA86 /* Pods_Manage_Preschool_itchenK.framework */ = {isa = PBXFileReference; explicitFileType = wrapper.framework; includeInIndex = 0; path = Pods_Manage_Preschool_itchenK.framework; sourceTree = BUILT_PRODUCTS_DIR; };
		D816DB74227012B5009E3785 /* FoodListCell.swift */ = {isa = PBXFileReference; lastKnownFileType = sourcecode.swift; path = FoodListCell.swift; sourceTree = "<group>"; };
		D82886CF226D545C008EBF7A /* FoodListVC.swift */ = {isa = PBXFileReference; lastKnownFileType = sourcecode.swift; path = FoodListVC.swift; sourceTree = "<group>"; };
		D82886D1226D5492008EBF7A /* UIFoodList.swift */ = {isa = PBXFileReference; lastKnownFileType = sourcecode.swift; path = UIFoodList.swift; sourceTree = "<group>"; };
		FAA7D737E77831C704DE6BFC /* Pods-Manage_Preschool_itchenK.debug.xcconfig */ = {isa = PBXFileReference; includeInIndex = 1; lastKnownFileType = text.xcconfig; name = "Pods-Manage_Preschool_itchenK.debug.xcconfig"; path = "Target Support Files/Pods-Manage_Preschool_itchenK/Pods-Manage_Preschool_itchenK.debug.xcconfig"; sourceTree = "<group>"; };
/* End PBXFileReference section */

/* Begin PBXFrameworksBuildPhase section */
		3DDDE0B222659B1000643E31 /* Frameworks */ = {
			isa = PBXFrameworksBuildPhase;
			buildActionMask = 2147483647;
			files = (
				8A30CD496F27F8AFCEECC48B /* Pods_Manage_Preschool_itchenK.framework in Frameworks */,
			);
			runOnlyForDeploymentPostprocessing = 0;
		};
/* End PBXFrameworksBuildPhase section */

/* Begin PBXGroup section */
		3C6B134D75F2E029C1CDC539 /* Frameworks */ = {
			isa = PBXGroup;
			children = (
				8DC5E47581384BD04AAABA86 /* Pods_Manage_Preschool_itchenK.framework */,
			);
			name = Frameworks;
			sourceTree = "<group>";
		};
		3DDCBB1C226CB8E60082FF98 /* Services */ = {
			isa = PBXGroup;
			children = (
				3DDCBB1D226CB9060082FF98 /* FoodService.swift */,
			);
			path = Services;
			sourceTree = "<group>";
		};
		3DDDE0AC22659B1000643E31 = {
			isa = PBXGroup;
			children = (
				3DDDE0B722659B1000643E31 /* Manage_Preschool_itchenK */,
				3DDDE0B622659B1000643E31 /* Products */,
				9AD609CE302E400B07F86EFC /* Pods */,
				3C6B134D75F2E029C1CDC539 /* Frameworks */,
			);
			sourceTree = "<group>";
		};
		3DDDE0B622659B1000643E31 /* Products */ = {
			isa = PBXGroup;
			children = (
				3DDDE0B522659B1000643E31 /* Manage_Preschool_itchenK.app */,
			);
			name = Products;
			sourceTree = "<group>";
		};
		3DDDE0B722659B1000643E31 /* Manage_Preschool_itchenK */ = {
			isa = PBXGroup;
			children = (
				3DDCBB1C226CB8E60082FF98 /* Services */,
				3DE01ED522659DF400AB08DB /* Constant */,
				3DE01ED422659DE400AB08DB /* Model */,
				3DE01ED322659DDD00AB08DB /* View */,
				3DE01ED222659DD400AB08DB /* Controller */,
				3DDDE0DC22659D4000643E31 /* LaunchScreen.storyboard */,
				3DDDE0B822659B1000643E31 /* AppDelegate.swift */,
				3DDDE0C422659B1200643E31 /* Info.plist */,
				3D6E14DD22705FB80073FFD7 /* Assets.xcassets */,
			);
			path = Manage_Preschool_itchenK;
			sourceTree = "<group>";
		};
		3DE01ED222659DD400AB08DB /* Controller */ = {
			isa = PBXGroup;
			children = (
				3DE01ED822659E4500AB08DB /* FoodManagementVC.swift */,
				D82886CF226D545C008EBF7A /* FoodListVC.swift */,
				3DE01ED922659E4500AB08DB /* LoginVC.swift */,
				3D530E9922678E7B009E6A0B /* InventoryManagementVC.swift */,
				3D53185B2267919D003A468D /* CookingScheduleVC.swift */,
				3D04CFC222688EA300695507 /* TabBarVC.swift */,
				3D1CC1FE226D6A4600F9388E /* UpdateMenuVC.swift */,
				3D1CC202226D9F4100F9388E /* ShowDetailsFoodVC.swift */,
				3DB2FF09226EA9A000A810AE /* AddFoodToMenuVC.swift */,
			);
			path = Controller;
			sourceTree = "<group>";
		};
		3DE01ED322659DDD00AB08DB /* View */ = {
			isa = PBXGroup;
			children = (
				3DE01EDD22659E5000AB08DB /* UIFoodManagement.swift */,
				D82886D1226D5492008EBF7A /* UIFoodList.swift */,
				D816DB74227012B5009E3785 /* FoodListCell.swift */,
				3D53185D226791E6003A468D /* UICookingSchedule.swift */,
				3D1CC200226D716000F9388E /* FoodCell.swift */,
				3DE01EDC22659E5000AB08DB /* UILogin.swift */,
				3D04CFC42268C1BC00695507 /* UITabBar.swift */,
				3DDCBB18226CB6F60082FF98 /* CalendarCell.swift */,
				3D59604B226D5267009B39CD /* CalendarCellHeader.swift */,
				3D530E9B226790E2009E6A0B /* UIInventoryManagement.swift */,
				3D1CC204226DA77A00F9388E /* UIUpdateMenu.swift */,
				3D3AE36D226E18A200D1D5D8 /* FoodDetailsCell.swift */,
				3DB2FF0B226EAAB000A810AE /* UIAddFoodToMenu.swift */,
			);
			path = View;
			sourceTree = "<group>";
		};
		3DE01ED422659DE400AB08DB /* Model */ = {
			isa = PBXGroup;
			children = (
				3DDCBB1A226CB82C0082FF98 /* Food.swift */,
				3D3AE36F226E387B00D1D5D8 /* FoodTam.swift */,
			);
			path = Model;
			sourceTree = "<group>";
		};
		3DE01ED522659DF400AB08DB /* Constant */ = {
			isa = PBXGroup;
			children = (
				3DE01ED622659E3500AB08DB /* ConstantSystem.swift */,
			);
			path = Constant;
			sourceTree = "<group>";
		};
		9AD609CE302E400B07F86EFC /* Pods */ = {
			isa = PBXGroup;
			children = (
				FAA7D737E77831C704DE6BFC /* Pods-Manage_Preschool_itchenK.debug.xcconfig */,
				7A27227341B3809DBF96CC8D /* Pods-Manage_Preschool_itchenK.release.xcconfig */,
			);
			path = Pods;
			sourceTree = "<group>";
		};
/* End PBXGroup section */

/* Begin PBXNativeTarget section */
		3DDDE0B422659B1000643E31 /* Manage_Preschool_itchenK */ = {
			isa = PBXNativeTarget;
			buildConfigurationList = 3DDDE0C722659B1200643E31 /* Build configuration list for PBXNativeTarget "Manage_Preschool_itchenK" */;
			buildPhases = (
				C4437F7FEEC644504E85832F /* [CP] Check Pods Manifest.lock */,
				3DDDE0B122659B1000643E31 /* Sources */,
				3DDDE0B222659B1000643E31 /* Frameworks */,
				3DDDE0B322659B1000643E31 /* Resources */,
				39875C8033E63019821A7217 /* [CP] Embed Pods Frameworks */,
			);
			buildRules = (
			);
			dependencies = (
			);
			name = Manage_Preschool_itchenK;
			productName = Manage_Preschool_itchenK;
			productReference = 3DDDE0B522659B1000643E31 /* Manage_Preschool_itchenK.app */;
			productType = "com.apple.product-type.application";
		};
/* End PBXNativeTarget section */

/* Begin PBXProject section */
		3DDDE0AD22659B1000643E31 /* Project object */ = {
			isa = PBXProject;
			attributes = {
				LastSwiftUpdateCheck = 1010;
				LastUpgradeCheck = 1010;
				ORGANIZATIONNAME = "Luc Thoi Sang";
				TargetAttributes = {
					3DDDE0B422659B1000643E31 = {
						CreatedOnToolsVersion = 10.1;
					};
				};
			};
			buildConfigurationList = 3DDDE0B022659B1000643E31 /* Build configuration list for PBXProject "Manage_Preschool_itchenK" */;
			compatibilityVersion = "Xcode 9.3";
			developmentRegion = en;
			hasScannedForEncodings = 0;
			knownRegions = (
				en,
				Base,
			);
			mainGroup = 3DDDE0AC22659B1000643E31;
			productRefGroup = 3DDDE0B622659B1000643E31 /* Products */;
			projectDirPath = "";
			projectRoot = "";
			targets = (
				3DDDE0B422659B1000643E31 /* Manage_Preschool_itchenK */,
			);
		};
/* End PBXProject section */

/* Begin PBXResourcesBuildPhase section */
		3DDDE0B322659B1000643E31 /* Resources */ = {
			isa = PBXResourcesBuildPhase;
			buildActionMask = 2147483647;
			files = (
				3D6E14DE22705FB90073FFD7 /* Assets.xcassets in Resources */,
				3DDDE0DD22659D4000643E31 /* LaunchScreen.storyboard in Resources */,
			);
			runOnlyForDeploymentPostprocessing = 0;
		};
/* End PBXResourcesBuildPhase section */

/* Begin PBXShellScriptBuildPhase section */
		39875C8033E63019821A7217 /* [CP] Embed Pods Frameworks */ = {
			isa = PBXShellScriptBuildPhase;
			buildActionMask = 2147483647;
			files = (
			);
			inputFileListPaths = (
				"${PODS_ROOT}/Target Support Files/Pods-Manage_Preschool_itchenK/Pods-Manage_Preschool_itchenK-frameworks-${CONFIGURATION}-input-files.xcfilelist",
			);
			name = "[CP] Embed Pods Frameworks";
			outputFileListPaths = (
				"${PODS_ROOT}/Target Support Files/Pods-Manage_Preschool_itchenK/Pods-Manage_Preschool_itchenK-frameworks-${CONFIGURATION}-output-files.xcfilelist",
			);
			runOnlyForDeploymentPostprocessing = 0;
			shellPath = /bin/sh;
			shellScript = "\"${PODS_ROOT}/Target Support Files/Pods-Manage_Preschool_itchenK/Pods-Manage_Preschool_itchenK-frameworks.sh\"\n";
			showEnvVarsInLog = 0;
		};
		C4437F7FEEC644504E85832F /* [CP] Check Pods Manifest.lock */ = {
			isa = PBXShellScriptBuildPhase;
			buildActionMask = 2147483647;
			files = (
			);
			inputFileListPaths = (
			);
			inputPaths = (
				"${PODS_PODFILE_DIR_PATH}/Podfile.lock",
				"${PODS_ROOT}/Manifest.lock",
			);
			name = "[CP] Check Pods Manifest.lock";
			outputFileListPaths = (
			);
			outputPaths = (
				"$(DERIVED_FILE_DIR)/Pods-Manage_Preschool_itchenK-checkManifestLockResult.txt",
			);
			runOnlyForDeploymentPostprocessing = 0;
			shellPath = /bin/sh;
			shellScript = "diff \"${PODS_PODFILE_DIR_PATH}/Podfile.lock\" \"${PODS_ROOT}/Manifest.lock\" > /dev/null\nif [ $? != 0 ] ; then\n    # print error to STDERR\n    echo \"error: The sandbox is not in sync with the Podfile.lock. Run 'pod install' or update your CocoaPods installation.\" >&2\n    exit 1\nfi\n# This output is used by Xcode 'outputs' to avoid re-running this script phase.\necho \"SUCCESS\" > \"${SCRIPT_OUTPUT_FILE_0}\"\n";
			showEnvVarsInLog = 0;
		};
/* End PBXShellScriptBuildPhase section */

/* Begin PBXSourcesBuildPhase section */
		3DDDE0B122659B1000643E31 /* Sources */ = {
			isa = PBXSourcesBuildPhase;
			buildActionMask = 2147483647;
			files = (
				3D59604C226D5267009B39CD /* CalendarCellHeader.swift in Sources */,
				3DE01EDF22659E5000AB08DB /* UIFoodManagement.swift in Sources */,
				3DE01EDA22659E4500AB08DB /* FoodManagementVC.swift in Sources */,
				3D530E9C226790E2009E6A0B /* UIInventoryManagement.swift in Sources */,
				3D53185E226791E6003A468D /* UICookingSchedule.swift in Sources */,
				3DDCBB1E226CB9060082FF98 /* FoodService.swift in Sources */,
				3D530E9A22678E7B009E6A0B /* InventoryManagementVC.swift in Sources */,
				3DB2FF0A226EA9A000A810AE /* AddFoodToMenuVC.swift in Sources */,
				3D1CC205226DA77A00F9388E /* UIUpdateMenu.swift in Sources */,
				3DE01ED722659E3500AB08DB /* ConstantSystem.swift in Sources */,
				3D53185C2267919D003A468D /* CookingScheduleVC.swift in Sources */,
				3D3AE370226E387B00D1D5D8 /* FoodTam.swift in Sources */,
				D82886D0226D545C008EBF7A /* FoodListVC.swift in Sources */,
				3DDCBB1B226CB82C0082FF98 /* Food.swift in Sources */,
				3DE01EDB22659E4500AB08DB /* LoginVC.swift in Sources */,
				3DB2FF0C226EAAB000A810AE /* UIAddFoodToMenu.swift in Sources */,
				3D04CFC322688EA300695507 /* TabBarVC.swift in Sources */,
				3D3AE36E226E18A200D1D5D8 /* FoodDetailsCell.swift in Sources */,
				3DE01EDE22659E5000AB08DB /* UILogin.swift in Sources */,
				D82886D2226D5492008EBF7A /* UIFoodList.swift in Sources */,
				3DDDE0B922659B1000643E31 /* AppDelegate.swift in Sources */,
				3DDCBB19226CB6F60082FF98 /* CalendarCell.swift in Sources */,
				3D1CC203226D9F4100F9388E /* ShowDetailsFoodVC.swift in Sources */,
				3D1CC201226D716000F9388E /* FoodCell.swift in Sources */,
				3D1CC1FF226D6A4600F9388E /* UpdateMenuVC.swift in Sources */,
				3D04CFC52268C1BC00695507 /* UITabBar.swift in Sources */,
				D816DB75227012B5009E3785 /* FoodListCell.swift in Sources */,
			);
			runOnlyForDeploymentPostprocessing = 0;
		};
/* End PBXSourcesBuildPhase section */

/* Begin XCBuildConfiguration section */
		3DDDE0C522659B1200643E31 /* Debug */ = {
			isa = XCBuildConfiguration;
			buildSettings = {
				ALWAYS_SEARCH_USER_PATHS = NO;
				CLANG_ANALYZER_NONNULL = YES;
				CLANG_ANALYZER_NUMBER_OBJECT_CONVERSION = YES_AGGRESSIVE;
				CLANG_CXX_LANGUAGE_STANDARD = "gnu++14";
				CLANG_CXX_LIBRARY = "libc++";
				CLANG_ENABLE_MODULES = YES;
				CLANG_ENABLE_OBJC_ARC = YES;
				CLANG_ENABLE_OBJC_WEAK = YES;
				CLANG_WARN_BLOCK_CAPTURE_AUTORELEASING = YES;
				CLANG_WARN_BOOL_CONVERSION = YES;
				CLANG_WARN_COMMA = YES;
				CLANG_WARN_CONSTANT_CONVERSION = YES;
				CLANG_WARN_DEPRECATED_OBJC_IMPLEMENTATIONS = YES;
				CLANG_WARN_DIRECT_OBJC_ISA_USAGE = YES_ERROR;
				CLANG_WARN_DOCUMENTATION_COMMENTS = YES;
				CLANG_WARN_EMPTY_BODY = YES;
				CLANG_WARN_ENUM_CONVERSION = YES;
				CLANG_WARN_INFINITE_RECURSION = YES;
				CLANG_WARN_INT_CONVERSION = YES;
				CLANG_WARN_NON_LITERAL_NULL_CONVERSION = YES;
				CLANG_WARN_OBJC_IMPLICIT_RETAIN_SELF = YES;
				CLANG_WARN_OBJC_LITERAL_CONVERSION = YES;
				CLANG_WARN_OBJC_ROOT_CLASS = YES_ERROR;
				CLANG_WARN_RANGE_LOOP_ANALYSIS = YES;
				CLANG_WARN_STRICT_PROTOTYPES = YES;
				CLANG_WARN_SUSPICIOUS_MOVE = YES;
				CLANG_WARN_UNGUARDED_AVAILABILITY = YES_AGGRESSIVE;
				CLANG_WARN_UNREACHABLE_CODE = YES;
				CLANG_WARN__DUPLICATE_METHOD_MATCH = YES;
				CODE_SIGN_IDENTITY = "iPhone Developer";
				COPY_PHASE_STRIP = NO;
				DEBUG_INFORMATION_FORMAT = dwarf;
				ENABLE_STRICT_OBJC_MSGSEND = YES;
				ENABLE_TESTABILITY = YES;
				GCC_C_LANGUAGE_STANDARD = gnu11;
				GCC_DYNAMIC_NO_PIC = NO;
				GCC_NO_COMMON_BLOCKS = YES;
				GCC_OPTIMIZATION_LEVEL = 0;
				GCC_PREPROCESSOR_DEFINITIONS = (
					"DEBUG=1",
					"$(inherited)",
				);
				GCC_WARN_64_TO_32_BIT_CONVERSION = YES;
				GCC_WARN_ABOUT_RETURN_TYPE = YES_ERROR;
				GCC_WARN_UNDECLARED_SELECTOR = YES;
				GCC_WARN_UNINITIALIZED_AUTOS = YES_AGGRESSIVE;
				GCC_WARN_UNUSED_FUNCTION = YES;
				GCC_WARN_UNUSED_VARIABLE = YES;
				IPHONEOS_DEPLOYMENT_TARGET = 12.1;
				MTL_ENABLE_DEBUG_INFO = INCLUDE_SOURCE;
				MTL_FAST_MATH = YES;
				ONLY_ACTIVE_ARCH = YES;
				SDKROOT = iphoneos;
				SWIFT_ACTIVE_COMPILATION_CONDITIONS = DEBUG;
				SWIFT_OPTIMIZATION_LEVEL = "-Onone";
			};
			name = Debug;
		};
		3DDDE0C622659B1200643E31 /* Release */ = {
			isa = XCBuildConfiguration;
			buildSettings = {
				ALWAYS_SEARCH_USER_PATHS = NO;
				CLANG_ANALYZER_NONNULL = YES;
				CLANG_ANALYZER_NUMBER_OBJECT_CONVERSION = YES_AGGRESSIVE;
				CLANG_CXX_LANGUAGE_STANDARD = "gnu++14";
				CLANG_CXX_LIBRARY = "libc++";
				CLANG_ENABLE_MODULES = YES;
				CLANG_ENABLE_OBJC_ARC = YES;
				CLANG_ENABLE_OBJC_WEAK = YES;
				CLANG_WARN_BLOCK_CAPTURE_AUTORELEASING = YES;
				CLANG_WARN_BOOL_CONVERSION = YES;
				CLANG_WARN_COMMA = YES;
				CLANG_WARN_CONSTANT_CONVERSION = YES;
				CLANG_WARN_DEPRECATED_OBJC_IMPLEMENTATIONS = YES;
				CLANG_WARN_DIRECT_OBJC_ISA_USAGE = YES_ERROR;
				CLANG_WARN_DOCUMENTATION_COMMENTS = YES;
				CLANG_WARN_EMPTY_BODY = YES;
				CLANG_WARN_ENUM_CONVERSION = YES;
				CLANG_WARN_INFINITE_RECURSION = YES;
				CLANG_WARN_INT_CONVERSION = YES;
				CLANG_WARN_NON_LITERAL_NULL_CONVERSION = YES;
				CLANG_WARN_OBJC_IMPLICIT_RETAIN_SELF = YES;
				CLANG_WARN_OBJC_LITERAL_CONVERSION = YES;
				CLANG_WARN_OBJC_ROOT_CLASS = YES_ERROR;
				CLANG_WARN_RANGE_LOOP_ANALYSIS = YES;
				CLANG_WARN_STRICT_PROTOTYPES = YES;
				CLANG_WARN_SUSPICIOUS_MOVE = YES;
				CLANG_WARN_UNGUARDED_AVAILABILITY = YES_AGGRESSIVE;
				CLANG_WARN_UNREACHABLE_CODE = YES;
				CLANG_WARN__DUPLICATE_METHOD_MATCH = YES;
				CODE_SIGN_IDENTITY = "iPhone Developer";
				COPY_PHASE_STRIP = NO;
				DEBUG_INFORMATION_FORMAT = "dwarf-with-dsym";
				ENABLE_NS_ASSERTIONS = NO;
				ENABLE_STRICT_OBJC_MSGSEND = YES;
				GCC_C_LANGUAGE_STANDARD = gnu11;
				GCC_NO_COMMON_BLOCKS = YES;
				GCC_WARN_64_TO_32_BIT_CONVERSION = YES;
				GCC_WARN_ABOUT_RETURN_TYPE = YES_ERROR;
				GCC_WARN_UNDECLARED_SELECTOR = YES;
				GCC_WARN_UNINITIALIZED_AUTOS = YES_AGGRESSIVE;
				GCC_WARN_UNUSED_FUNCTION = YES;
				GCC_WARN_UNUSED_VARIABLE = YES;
				IPHONEOS_DEPLOYMENT_TARGET = 12.1;
				MTL_ENABLE_DEBUG_INFO = NO;
				MTL_FAST_MATH = YES;
				SDKROOT = iphoneos;
				SWIFT_COMPILATION_MODE = wholemodule;
				SWIFT_OPTIMIZATION_LEVEL = "-O";
				VALIDATE_PRODUCT = YES;
			};
			name = Release;
		};
		3DDDE0C822659B1200643E31 /* Debug */ = {
			isa = XCBuildConfiguration;
			baseConfigurationReference = FAA7D737E77831C704DE6BFC /* Pods-Manage_Preschool_itchenK.debug.xcconfig */;
			buildSettings = {
				ASSETCATALOG_COMPILER_APPICON_NAME = AppIcon;
				CODE_SIGN_STYLE = Automatic;
				DEVELOPMENT_TEAM = V24J95GX27;
				INFOPLIST_FILE = Manage_Preschool_itchenK/Info.plist;
				LD_RUNPATH_SEARCH_PATHS = (
					"$(inherited)",
					"@executable_path/Frameworks",
				);
				PRODUCT_BUNDLE_IDENTIFIER = "com.lucthoisang.Manage-Preschool-itchenK";
				PRODUCT_NAME = "$(TARGET_NAME)";
				SWIFT_VERSION = 4.2;
				TARGETED_DEVICE_FAMILY = "1,2";
			};
			name = Debug;
		};
		3DDDE0C922659B1200643E31 /* Release */ = {
			isa = XCBuildConfiguration;
			baseConfigurationReference = 7A27227341B3809DBF96CC8D /* Pods-Manage_Preschool_itchenK.release.xcconfig */;
			buildSettings = {
				ASSETCATALOG_COMPILER_APPICON_NAME = AppIcon;
				CODE_SIGN_STYLE = Automatic;
				DEVELOPMENT_TEAM = V24J95GX27;
				INFOPLIST_FILE = Manage_Preschool_itchenK/Info.plist;
				LD_RUNPATH_SEARCH_PATHS = (
					"$(inherited)",
					"@executable_path/Frameworks",
				);
				PRODUCT_BUNDLE_IDENTIFIER = "com.lucthoisang.Manage-Preschool-itchenK";
				PRODUCT_NAME = "$(TARGET_NAME)";
				SWIFT_VERSION = 4.2;
				TARGETED_DEVICE_FAMILY = "1,2";
			};
			name = Release;
		};
/* End XCBuildConfiguration section */

/* Begin XCConfigurationList section */
		3DDDE0B022659B1000643E31 /* Build configuration list for PBXProject "Manage_Preschool_itchenK" */ = {
			isa = XCConfigurationList;
			buildConfigurations = (
				3DDDE0C522659B1200643E31 /* Debug */,
				3DDDE0C622659B1200643E31 /* Release */,
			);
			defaultConfigurationIsVisible = 0;
			defaultConfigurationName = Release;
		};
		3DDDE0C722659B1200643E31 /* Build configuration list for PBXNativeTarget "Manage_Preschool_itchenK" */ = {
			isa = XCConfigurationList;
			buildConfigurations = (
				3DDDE0C822659B1200643E31 /* Debug */,
				3DDDE0C922659B1200643E31 /* Release */,
			);
			defaultConfigurationIsVisible = 0;
			defaultConfigurationName = Release;
		};
/* End XCConfigurationList section */
	};
	rootObject = 3DDDE0AD22659B1000643E31 /* Project object */;
}
